
Microsoft Visual Studio Solution File, Format Version 12.00
# Visual Studio Version 16
VisualStudioVersion = 16.0.29503.13
MinimumVisualStudioVersion = 10.0.40219.1
Project("{9A19103F-16F7-4668-BE54-9A1E7A4F7556}") = "EntitySpaces.DynamicQuery", "EntitySpaces.DynamicQuery\EntitySpaces.DynamicQuery.csproj", "{EFF7E28C-44E3-4D62-B2AB-CF23A5758B97}"
EndProject
Project("{9A19103F-16F7-4668-BE54-9A1E7A4F7556}") = "EntitySpaces.Core", "EntitySpaces.Core\EntitySpaces.Core.csproj", "{575988C7-8548-4F96-A86F-4DB01FA4095D}"
EndProject
Project("{9A19103F-16F7-4668-BE54-9A1E7A4F7556}") = "EntitySpaces.Interfaces", "EntitySpaces.Interfaces\EntitySpaces.Interfaces.csproj", "{041B39D5-D8C5-468C-B398-1EBE8D099684}"
EndProject
Project("{9A19103F-16F7-4668-BE54-9A1E7A4F7556}") = "EntitySpaces.SqlClientProvider", "Providers\EntitySpaces.SqlClientProvider\EntitySpaces.SqlClientProvider.csproj", "{84F05461-D5F0-42AD-ADB7-22B3B1448E84}"
EndProject
Project("{9A19103F-16F7-4668-BE54-9A1E7A4F7556}") = "EntitySpaces.ORM.SqlServer", "EntitySpaces.ORM.SqlServer\EntitySpaces.ORM.SqlServer.csproj", "{9EF27270-F9AD-49E2-AD55-C9D507827B04}"
EndProject
Global
	GlobalSection(SolutionConfigurationPlatforms) = preSolution
		Debug|Any CPU = Debug|Any CPU
		Release|Any CPU = Release|Any CPU
	EndGlobalSection
	GlobalSection(ProjectConfigurationPlatforms) = postSolution
		{EFF7E28C-44E3-4D62-B2AB-CF23A5758B97}.Debug|Any CPU.ActiveCfg = Debug|Any CPU
		{EFF7E28C-44E3-4D62-B2AB-CF23A5758B97}.Release|Any CPU.ActiveCfg = Release|Any CPU
		{575988C7-8548-4F96-A86F-4DB01FA4095D}.Debug|Any CPU.ActiveCfg = Debug|Any CPU
		{575988C7-8548-4F96-A86F-4DB01FA4095D}.Release|Any CPU.ActiveCfg = Release|Any CPU
		{041B39D5-D8C5-468C-B398-1EBE8D099684}.Debug|Any CPU.ActiveCfg = Debug|Any CPU
		{041B39D5-D8C5-468C-B398-1EBE8D099684}.Release|Any CPU.ActiveCfg = Release|Any CPU
		{84F05461-D5F0-42AD-ADB7-22B3B1448E84}.Debug|Any CPU.ActiveCfg = Debug|Any CPU
		{84F05461-D5F0-42AD-ADB7-22B3B1448E84}.Release|Any CPU.ActiveCfg = Release|Any CPU
		{9EF27270-F9AD-49E2-AD55-C9D507827B04}.Debug|Any CPU.ActiveCfg = Debug|Any CPU
		{9EF27270-F9AD-49E2-AD55-C9D507827B04}.Debug|Any CPU.Build.0 = Debug|Any CPU
		{9EF27270-F9AD-49E2-AD55-C9D507827B04}.Release|Any CPU.ActiveCfg = Release|Any CPU
		{9EF27270-F9AD-49E2-AD55-C9D507827B04}.Release|Any CPU.Build.0 = Release|Any CPU
	EndGlobalSection
	GlobalSection(SolutionProperties) = preSolution
		HideSolutionNode = FALSE
	EndGlobalSection
	GlobalSection(ExtensibilityGlobals) = postSolution
		SolutionGuid = {66B8A55F-8972-40CD-8BF8-0E00C1E31731}
	EndGlobalSection
EndGlobal
