
Microsoft Visual Studio Solution File, Format Version 12.00
# Visual Studio Version 16
VisualStudioVersion = 16.0.29609.76
MinimumVisualStudioVersion = 10.0.40219.1
Project("{9A19103F-16F7-4668-BE54-9A1E7A4F7556}") = "EntitySpaces.ORM.MySQL", "EntitySpaces.ORM.MySQL\EntitySpaces.ORM.MySQL.csproj", "{5C739F41-6941-4832-B4F3-807BACE33C9E}"
EndProject
Global
	GlobalSection(SolutionConfigurationPlatforms) = preSolution
		Debug|Any CPU = Debug|Any CPU
		Release|Any CPU = Release|Any CPU
	EndGlobalSection
	GlobalSection(ProjectConfigurationPlatforms) = postSolution
		{5C739F41-6941-4832-B4F3-807BACE33C9E}.Debug|Any CPU.ActiveCfg = Debug|Any CPU
		{5C739F41-6941-4832-B4F3-807BACE33C9E}.Debug|Any CPU.Build.0 = Debug|Any CPU
		{5C739F41-6941-4832-B4F3-807BACE33C9E}.Release|Any CPU.ActiveCfg = Release|Any CPU
		{5C739F41-6941-4832-B4F3-807BACE33C9E}.Release|Any CPU.Build.0 = Release|Any CPU
	EndGlobalSection
	GlobalSection(SolutionProperties) = preSolution
		HideSolutionNode = FALSE
	EndGlobalSection
	GlobalSection(ExtensibilityGlobals) = postSolution
		SolutionGuid = {EBAE469C-C0ED-4548-BF58-C8396E970FDD}
	EndGlobalSection
EndGlobal
