
Microsoft Visual Studio Solution File, Format Version 10.00
# Visual Studio 2008
Project("{FAE04EC0-301F-11D3-BF4B-00C04F79EFBC}") = "EntitySpaces.AddIn.TemplateUI", "EntitySpaces.AddIn.TemplateUI.csproj", "{60B3C557-01AB-4099-82C8-616E8BBF20E7}"
EndProject
Project("{FAE04EC0-301F-11D3-BF4B-00C04F79EFBC}") = "EntitySpaces.MetadataEngine", "..\EntitySpaces.MetadataEngine\EntitySpaces.MetadataEngine.csproj", "{72BEAB1C-B55F-4F0E-89AF-17F71E74A452}"
EndProject
Global
	GlobalSection(SolutionConfigurationPlatforms) = preSolution
		Debug|Any CPU = Debug|Any CPU
		Release|Any CPU = Release|Any CPU
	EndGlobalSection
	GlobalSection(ProjectConfigurationPlatforms) = postSolution
		{60B3C557-01AB-4099-82C8-616E8BBF20E7}.Debug|Any CPU.ActiveCfg = Debug|Any CPU
		{60B3C557-01AB-4099-82C8-616E8BBF20E7}.Debug|Any CPU.Build.0 = Debug|Any CPU
		{60B3C557-01AB-4099-82C8-616E8BBF20E7}.Release|Any CPU.ActiveCfg = Release|Any CPU
		{60B3C557-01AB-4099-82C8-616E8BBF20E7}.Release|Any CPU.Build.0 = Release|Any CPU
		{72BEAB1C-B55F-4F0E-89AF-17F71E74A452}.Debug|Any CPU.ActiveCfg = Debug|Any CPU
		{72BEAB1C-B55F-4F0E-89AF-17F71E74A452}.Debug|Any CPU.Build.0 = Debug|Any CPU
		{72BEAB1C-B55F-4F0E-89AF-17F71E74A452}.Release|Any CPU.ActiveCfg = Release|Any CPU
		{72BEAB1C-B55F-4F0E-89AF-17F71E74A452}.Release|Any CPU.Build.0 = Release|Any CPU
	EndGlobalSection
	GlobalSection(SolutionProperties) = preSolution
		HideSolutionNode = FALSE
	EndGlobalSection
EndGlobal
